
Microsoft Visual Studio Solution File, Format Version 12.00
# Visual Studio Version 17
VisualStudioVersion = 17.0.32002.185
MinimumVisualStudioVersion = 10.0.40219.1
Project("{FAE04EC0-301F-11D3-BF4B-00C04F79EFBC}") = "ToDoList", "ToDoList\ToDoList.csproj", "{FEBD59A5-9CE7-4B18-8D67-1CF21FBB47E2}"
EndProject
Global
	GlobalSection(SolutionConfigurationPlatforms) = preSolution
		Debug|Any CPU = Debug|Any CPU
		Release|Any CPU = Release|Any CPU
	EndGlobalSection
	GlobalSection(ProjectConfigurationPlatforms) = postSolution
		{FEBD59A5-9CE7-4B18-8D67-1CF21FBB47E2}.Debug|Any CPU.ActiveCfg = Debug|Any CPU
		{FEBD59A5-9CE7-4B18-8D67-1CF21FBB47E2}.Debug|Any CPU.Build.0 = Debug|Any CPU
		{FEBD59A5-9CE7-4B18-8D67-1CF21FBB47E2}.Release|Any CPU.ActiveCfg = Release|Any CPU
		{FEBD59A5-9CE7-4B18-8D67-1CF21FBB47E2}.Release|Any CPU.Build.0 = Release|Any CPU
	EndGlobalSection
	GlobalSection(SolutionProperties) = preSolution
		HideSolutionNode = FALSE
	EndGlobalSection
	GlobalSection(ExtensibilityGlobals) = postSolution
		SolutionGuid = {A0F6BD93-DD2B-459A-B39A-86611B1BF494}
	EndGlobalSection
EndGlobal
